
Microsoft Visual Studio Solution File, Format Version 12.00
Project("{2150E333-8FDC-42A3-9474-1A3956D46DE8}") = "src", "src", "{2E4C3394-5EBF-40EA-A711-592E73CAFD4E}"
EndProject
Project("{FAE04EC0-301F-11D3-BF4B-00C04F79EFBC}") = "Monoling0.CourseService", "src\Monoling0.CourseService\Monoling0.CourseService.csproj", "{B654AC92-DABC-4EE0-83AC-71467A041582}"
EndProject
Global
	GlobalSection(SolutionConfigurationPlatforms) = preSolution
		Debug|Any CPU = Debug|Any CPU
		Release|Any CPU = Release|Any CPU
	EndGlobalSection
	GlobalSection(NestedProjects) = preSolution
		{B654AC92-DABC-4EE0-83AC-71467A041582} = {2E4C3394-5EBF-40EA-A711-592E73CAFD4E}
	EndGlobalSection
	GlobalSection(ProjectConfigurationPlatforms) = postSolution
		{B654AC92-DABC-4EE0-83AC-71467A041582}.Debug|Any CPU.ActiveCfg = Debug|Any CPU
		{B654AC92-DABC-4EE0-83AC-71467A041582}.Debug|Any CPU.Build.0 = Debug|Any CPU
		{B654AC92-DABC-4EE0-83AC-71467A041582}.Release|Any CPU.ActiveCfg = Release|Any CPU
		{B654AC92-DABC-4EE0-83AC-71467A041582}.Release|Any CPU.Build.0 = Release|Any CPU
	EndGlobalSection
EndGlobal
